{
  "name": "clang-format",
  "lockfileVersion": 3,
  "requires": true,
  "packages": {
    "": {
      "dependencies": {
        "node-core-clang-format": "^0.0.4"
      }
    },
    "node_modules/node-core-clang-format": {
      "version": "0.0.4",
      "resolved": "https://registry.npmjs.org/node-core-clang-format/-/node-core-clang-format-0.0.4.tgz",
      "integrity": "sha512-ZZ0sMOJTvr6H5fQOCgQLDFMtpotkufO4nB6RkORQxcdCL3zXoXgSupqP11Fc/itN5h+2UmIJrMHifykt0QWIoQ==",
      "license": "MIT",
      "bin": {
        "clang-format": "executable.js",
        "git-clang-format": "binaries/git-clang-format"
      }
    }
  }
}
